github.com/muhammadyusronn/go-say-hello v1.0.1/go.mod h1:857lCR/IcWYa3Ax0EhHpjJEuXecmr4i1UF74ylnEB70=
github.com/muhammadyusronn/go-say-hello v1.0.2 h1:Oe3Q9t30uj96VD3CqGtg7h+3Eonh7/+guua09Lbj3KE=
github.com/muhammadyusronn/go-say-hello v1.0.2/go.mod h1:857lCR/IcWYa3Ax0EhHpjJEuXecmr4i1UF74ylnEB70=
github.com/muhammadyusronn/go-say-hello/v2 v2.0.0-20230103150151-0aee7e52b5ea h1:uvGfW9hUNGJtsip9LdCHeycOY0i2IKSWnpx9l0bTo/0=
github.com/muhammadyusronn/go-say-hello/v2 v2.0.0-20230103150151-0aee7e52b5ea/go.mod h1:kSrIACsZdmKW8/VBBFwXmImc2RFZ3IaN/ls3kUQoKbQ=
